
Microsoft Visual Studio Solution File, Format Version 12.00
# Visual Studio 15
VisualStudioVersion = 15.0.27130.2010
MinimumVisualStudioVersion = 10.0.40219.1
Project("{9A19103F-16F7-4668-BE54-9A1E7A4F7556}") = "ElectronicsShop", "ElectronicsShop.csproj", "{881D291F-276F-42A2-A7FB-7BDB87E0A657}"
EndProject
Project("{9A19103F-16F7-4668-BE54-9A1E7A4F7556}") = "ElectronicsShop.Tests", "..\ElectronicsShop.Tests\ElectronicsShop.Tests.csproj", "{74D00C13-4D33-4F1B-AEE7-95D75CAD6E0B}"
EndProject
Global
	GlobalSection(SolutionConfigurationPlatforms) = preSolution
		Debug|Any CPU = Debug|Any CPU
		Release|Any CPU = Release|Any CPU
	EndGlobalSection
	GlobalSection(ProjectConfigurationPlatforms) = postSolution
		{881D291F-276F-42A2-A7FB-7BDB87E0A657}.Debug|Any CPU.ActiveCfg = Debug|Any CPU
		{881D291F-276F-42A2-A7FB-7BDB87E0A657}.Debug|Any CPU.Build.0 = Debug|Any CPU
		{881D291F-276F-42A2-A7FB-7BDB87E0A657}.Release|Any CPU.ActiveCfg = Release|Any CPU
		{881D291F-276F-42A2-A7FB-7BDB87E0A657}.Release|Any CPU.Build.0 = Release|Any CPU
		{74D00C13-4D33-4F1B-AEE7-95D75CAD6E0B}.Debug|Any CPU.ActiveCfg = Debug|Any CPU
		{74D00C13-4D33-4F1B-AEE7-95D75CAD6E0B}.Debug|Any CPU.Build.0 = Debug|Any CPU
		{74D00C13-4D33-4F1B-AEE7-95D75CAD6E0B}.Release|Any CPU.ActiveCfg = Release|Any CPU
		{74D00C13-4D33-4F1B-AEE7-95D75CAD6E0B}.Release|Any CPU.Build.0 = Release|Any CPU
	EndGlobalSection
	GlobalSection(SolutionProperties) = preSolution
		HideSolutionNode = FALSE
	EndGlobalSection
	GlobalSection(ExtensibilityGlobals) = postSolution
		SolutionGuid = {8E6F44A9-1460-4649-B2FF-C8C4CBF37A33}
	EndGlobalSection
EndGlobal
