
Microsoft Visual Studio Solution File, Format Version 12.00
# Visual Studio 15
VisualStudioVersion = 15.0.27130.2010
MinimumVisualStudioVersion = 10.0.40219.1
Project("{FAE04EC0-301F-11D3-BF4B-00C04F79EFBC}") = "SportsStore", "SportsStore\SportsStore.csproj", "{318628D3-26CA-4987-911B-50D8BA466F74}"
EndProject
Project("{FAE04EC0-301F-11D3-BF4B-00C04F79EFBC}") = "SportsStore.Tests", "SportsStore.Tests\SportsStore.Tests.csproj", "{6E84FBB6-BF8D-49BF-AE59-5AD77DC57467}"
EndProject
Global
	GlobalSection(SolutionConfigurationPlatforms) = preSolution
		Debug|Any CPU = Debug|Any CPU
		Release|Any CPU = Release|Any CPU
	EndGlobalSection
	GlobalSection(ProjectConfigurationPlatforms) = postSolution
		{318628D3-26CA-4987-911B-50D8BA466F74}.Debug|Any CPU.ActiveCfg = Debug|Any CPU
		{318628D3-26CA-4987-911B-50D8BA466F74}.Debug|Any CPU.Build.0 = Debug|Any CPU
		{318628D3-26CA-4987-911B-50D8BA466F74}.Release|Any CPU.ActiveCfg = Release|Any CPU
		{318628D3-26CA-4987-911B-50D8BA466F74}.Release|Any CPU.Build.0 = Release|Any CPU
		{6E84FBB6-BF8D-49BF-AE59-5AD77DC57467}.Debug|Any CPU.ActiveCfg = Debug|Any CPU
		{6E84FBB6-BF8D-49BF-AE59-5AD77DC57467}.Debug|Any CPU.Build.0 = Debug|Any CPU
		{6E84FBB6-BF8D-49BF-AE59-5AD77DC57467}.Release|Any CPU.ActiveCfg = Release|Any CPU
		{6E84FBB6-BF8D-49BF-AE59-5AD77DC57467}.Release|Any CPU.Build.0 = Release|Any CPU
	EndGlobalSection
	GlobalSection(SolutionProperties) = preSolution
		HideSolutionNode = FALSE
	EndGlobalSection
	GlobalSection(ExtensibilityGlobals) = postSolution
		SolutionGuid = {304DE99E-43D7-4FF8-95D9-E1B0719B842B}
	EndGlobalSection
EndGlobal
